{
	"name": "article-turndown",
	"version": "0.0.11",
	"lockfileVersion": 1,
	"requires": true,
	"dependencies": {
		"@types/turndown": {
			"version": "5.0.1",
			"resolved": "https://registry.npmjs.org/@types/turndown/-/turndown-5.0.1.tgz",
			"integrity": "sha512-N8Ad4e3oJxh9n9BiZx9cbe/0M3kqDpOTm2wzj13wdDUxDPjfjloWIJaquZzWE1cYTAHpjOH3rcTnXQdpEfS/SQ==",
			"dev": true
		},
		"domino": {
			"version": "2.1.6",
			"resolved": "https://registry.npmjs.org/domino/-/domino-2.1.6.tgz",
			"integrity": "sha512-3VdM/SXBZX2omc9JF9nOPCtDaYQ67BGp5CoLpIQlO2KCAPETs8TcDHacF26jXadGbvUteZzRTeos2fhID5+ucQ=="
		},
		"turndown": {
			"version": "7.1.1",
			"resolved": "https://registry.npmjs.org/turndown/-/turndown-7.1.1.tgz",
			"integrity": "sha512-BEkXaWH7Wh7e9bd2QumhfAXk5g34+6QUmmWx+0q6ThaVOLuLUqsnkq35HQ5SBHSaxjSfSM7US5o4lhJNH7B9MA==",
			"requires": {
				"domino": "^2.1.6"
			}
		},
		"turndown-plugin-gfm": {
			"version": "1.0.2",
			"resolved": "https://registry.npmjs.org/turndown-plugin-gfm/-/turndown-plugin-gfm-1.0.2.tgz",
			"integrity": "sha512-vwz9tfvF7XN/jE0dGoBei3FXWuvll78ohzCZQuOb+ZjWrs3a0XhQVomJEb2Qh4VHTPNRO4GPZh0V7VRbiWwkRg=="
		},
		"typescript": {
			"version": "4.4.3",
			"resolved": "https://registry.npmjs.org/typescript/-/typescript-4.4.3.tgz",
			"integrity": "sha512-4xfscpisVgqqDfPaJo5vkd+Qd/ItkoagnHpufr+i2QCHBsNYp+G7UAoyFl8aPtx879u38wPV65rZ8qbGZijalA==",
			"dev": true
		}
	}
}
