{
	"name": "article-pull",
	"version": "0.0.13",
	"lockfileVersion": 1,
	"requires": true,
	"dependencies": {
		"@mozilla/readability": {
			"version": "0.4.1",
			"resolved": "https://registry.nlark.com/@mozilla/readability/download/@mozilla/readability-0.4.1.tgz",
			"integrity": "sha1-4RKmJbJaxHZZ0zs34IB0im2FIYs="
		},
		"@tootallnate/once": {
			"version": "1.1.2",
			"resolved": "https://registry.npmmirror.com/@tootallnate/once/download/@tootallnate/once-1.1.2.tgz?cache=0&sync_timestamp=1632734160633&other_urls=https%3A%2F%2Fregistry.npmmirror.com%2F%40tootallnate%2Fonce%2Fdownload%2F%40tootallnate%2Fonce-1.1.2.tgz",
			"integrity": "sha1-zLkURTYBeaBOf+av94wA/8Hur4I="
		},
		"@types/jsdom": {
			"version": "16.2.13",
			"resolved": "https://registry.nlark.com/@types/jsdom/download/@types/jsdom-16.2.13.tgz",
			"integrity": "sha1-EmyLdEGxWdYjRhCkjed7YGbxgj8=",
			"dev": true,
			"requires": {
				"@types/node": "*",
				"@types/parse5": "*",
				"@types/tough-cookie": "*"
			}
		},
		"@types/node": {
			"version": "16.11.4",
			"resolved": "https://registry.npmmirror.com/@types/node/download/@types/node-16.11.4.tgz",
			"integrity": "sha1-kHcRJIItZmOBT3wcm0WmZU2P2WQ="
		},
		"@types/parse5": {
			"version": "6.0.1",
			"resolved": "https://registry.nlark.com/@types/parse5/download/@types/parse5-6.0.1.tgz",
			"integrity": "sha1-+K5PvNK5uk/5NGmOKHeJYfnLIso=",
			"dev": true
		},
		"@types/puppeteer": {
			"version": "5.4.4",
			"resolved": "https://registry.nlark.com/@types/puppeteer/download/@types/puppeteer-5.4.4.tgz?cache=0&sync_timestamp=1629708973656&other_urls=https%3A%2F%2Fregistry.nlark.com%2F%40types%2Fpuppeteer%2Fdownload%2F%40types%2Fpuppeteer-5.4.4.tgz",
			"integrity": "sha1-6Sq+zMT0YgfD4bOJNKEka+CAzNA=",
			"dev": true,
			"requires": {
				"@types/node": "*"
			}
		},
		"@types/tough-cookie": {
			"version": "4.0.1",
			"resolved": "https://registry.nlark.com/@types/tough-cookie/download/@types/tough-cookie-4.0.1.tgz?cache=0&sync_timestamp=1629709532176&other_urls=https%3A%2F%2Fregistry.nlark.com%2F%40types%2Ftough-cookie%2Fdownload%2F%40types%2Ftough-cookie-4.0.1.tgz",
			"integrity": "sha1-j4DdllrYHz4bwm1vXHJ+Eych/0A=",
			"dev": true
		},
		"@types/turndown": {
			"version": "5.0.1",
			"resolved": "https://registry.nlark.com/@types/turndown/download/@types/turndown-5.0.1.tgz",
			"integrity": "sha1-/Np7As2kydRFvhRAA23yDzNbk4c=",
			"dev": true
		},
		"@types/yauzl": {
			"version": "2.9.2",
			"resolved": "https://registry.nlark.com/@types/yauzl/download/@types/yauzl-2.9.2.tgz",
			"integrity": "sha1-xI5dVq/xREQJ45+hZLC01FUqe3o=",
			"optional": true,
			"requires": {
				"@types/node": "*"
			}
		},
		"abab": {
			"version": "2.0.5",
			"resolved": "https://registry.npm.taobao.org/abab/download/abab-2.0.5.tgz?cache=0&sync_timestamp=1599849993777&other_urls=https%3A%2F%2Fregistry.npm.taobao.org%2Fabab%2Fdownload%2Fabab-2.0.5.tgz",
			"integrity": "sha1-wLZ4+zLWD8EhnHhNaoJv44Wut5o="
		},
		"acorn": {
			"version": "8.5.0",
			"resolved": "https://registry.nlark.com/acorn/download/acorn-8.5.0.tgz",
			"integrity": "sha1-RRLMuZs2mMdSWR6btEcuOK1DzuI="
		},
		"acorn-globals": {
			"version": "6.0.0",
			"resolved": "https://registry.npm.taobao.org/acorn-globals/download/acorn-globals-6.0.0.tgz",
			"integrity": "sha1-Rs3Tnw+P8IqHZhm1X1rIptx3C0U=",
			"requires": {
				"acorn": "^7.1.1",
				"acorn-walk": "^7.1.1"
			},
			"dependencies": {
				"acorn": {
					"version": "7.4.1",
					"resolved": "https://registry.nlark.com/acorn/download/acorn-7.4.1.tgz",
					"integrity": "sha1-/q7SVZc9LndVW4PbwIhRpsY1IPo="
				}
			}
		},
		"acorn-walk": {
			"version": "7.2.0",
			"resolved": "https://registry.nlark.com/acorn-walk/download/acorn-walk-7.2.0.tgz?cache=0&sync_timestamp=1630916608758&other_urls=https%3A%2F%2Fregistry.nlark.com%2Facorn-walk%2Fdownload%2Facorn-walk-7.2.0.tgz",
			"integrity": "sha1-DeiJpgEgOQmw++B7iTjcIdLpZ7w="
		},
		"agent-base": {
			"version": "6.0.2",
			"resolved": "https://registry.nlark.com/agent-base/download/agent-base-6.0.2.tgz",
			"integrity": "sha1-Sf/1hXfP7j83F2/qtMIuAPhtf3c=",
			"requires": {
				"debug": "4"
			}
		},
		"asynckit": {
			"version": "0.4.0",
			"resolved": "https://registry.npm.taobao.org/asynckit/download/asynckit-0.4.0.tgz",
			"integrity": "sha1-x57Zf380y48robyXkLzDZkdLS3k="
		},
		"balanced-match": {
			"version": "1.0.2",
			"resolved": "https://registry.nlark.com/balanced-match/download/balanced-match-1.0.2.tgz",
			"integrity": "sha1-6D46fj8wCzTLnYf2FfoMvzV2kO4="
		},
		"base64-js": {
			"version": "1.5.1",
			"resolved": "https://registry.nlark.com/base64-js/download/base64-js-1.5.1.tgz",
			"integrity": "sha1-GxtEAWClv3rUC2UPCVljSBkDkwo="
		},
		"bl": {
			"version": "4.1.0",
			"resolved": "https://registry.nlark.com/bl/download/bl-4.1.0.tgz",
			"integrity": "sha1-RRU1JkGCvsL7vIOmKrmM8R2fezo=",
			"requires": {
				"buffer": "^5.5.0",
				"inherits": "^2.0.4",
				"readable-stream": "^3.4.0"
			}
		},
		"brace-expansion": {
			"version": "1.1.11",
			"resolved": "https://registry.nlark.com/brace-expansion/download/brace-expansion-1.1.11.tgz",
			"integrity": "sha1-PH/L9SnYcibz0vUrlm/1Jx60Qd0=",
			"requires": {
				"balanced-match": "^1.0.0",
				"concat-map": "0.0.1"
			}
		},
		"browser-process-hrtime": {
			"version": "1.0.0",
			"resolved": "https://registry.npm.taobao.org/browser-process-hrtime/download/browser-process-hrtime-1.0.0.tgz",
			"integrity": "sha1-PJtLfXgsgSHlbxAQbYTA0P/JRiY="
		},
		"buffer": {
			"version": "5.7.1",
			"resolved": "https://registry.npm.taobao.org/buffer/download/buffer-5.7.1.tgz?cache=0&sync_timestamp=1606098159535&other_urls=https%3A%2F%2Fregistry.npm.taobao.org%2Fbuffer%2Fdownload%2Fbuffer-5.7.1.tgz",
			"integrity": "sha1-umLnwTEzBTWCGXFghRqPZI6Z7tA=",
			"requires": {
				"base64-js": "^1.3.1",
				"ieee754": "^1.1.13"
			}
		},
		"buffer-crc32": {
			"version": "0.2.13",
			"resolved": "https://registry.npm.taobao.org/buffer-crc32/download/buffer-crc32-0.2.13.tgz",
			"integrity": "sha1-DTM+PwDqxQqhRUq9MO+MKl2ackI="
		},
		"chownr": {
			"version": "1.1.4",
			"resolved": "https://registry.nlark.com/chownr/download/chownr-1.1.4.tgz",
			"integrity": "sha1-b8nXtC0ypYNZYzdmbn0ICE2izGs="
		},
		"combined-stream": {
			"version": "1.0.8",
			"resolved": "https://registry.nlark.com/combined-stream/download/combined-stream-1.0.8.tgz",
			"integrity": "sha1-w9RaizT9cwYxoRCoolIGgrMdWn8=",
			"requires": {
				"delayed-stream": "~1.0.0"
			}
		},
		"commander": {
			"version": "8.3.0",
			"resolved": "https://registry.npmmirror.com/commander/download/commander-8.3.0.tgz?cache=0&sync_timestamp=1634886357672&other_urls=https%3A%2F%2Fregistry.npmmirror.com%2Fcommander%2Fdownload%2Fcommander-8.3.0.tgz",
			"integrity": "sha1-SDfqGy2me5xhamevuw+v7lZ7ymY="
		},
		"concat-map": {
			"version": "0.0.1",
			"resolved": "https://registry.npm.taobao.org/concat-map/download/concat-map-0.0.1.tgz",
			"integrity": "sha1-2Klr13/Wjfd5OnMDajug1UBdR3s="
		},
		"cssom": {
			"version": "0.5.0",
			"resolved": "https://registry.nlark.com/cssom/download/cssom-0.5.0.tgz?cache=0&sync_timestamp=1624218957158&other_urls=https%3A%2F%2Fregistry.nlark.com%2Fcssom%2Fdownload%2Fcssom-0.5.0.tgz",
			"integrity": "sha1-0lT6ks2Lb72DgRufuu00ZjzBfDY="
		},
		"cssstyle": {
			"version": "2.3.0",
			"resolved": "https://registry.npm.taobao.org/cssstyle/download/cssstyle-2.3.0.tgz",
			"integrity": "sha1-/2ZaDdvcMYZLCWR/NBY0Q9kLCFI=",
			"requires": {
				"cssom": "~0.3.6"
			},
			"dependencies": {
				"cssom": {
					"version": "0.3.8",
					"resolved": "https://registry.nlark.com/cssom/download/cssom-0.3.8.tgz?cache=0&sync_timestamp=1624218957158&other_urls=https%3A%2F%2Fregistry.nlark.com%2Fcssom%2Fdownload%2Fcssom-0.3.8.tgz",
					"integrity": "sha1-nxJ29bK0Y/IRTT8sdSUK+MGjb0o="
				}
			}
		},
		"data-urls": {
			"version": "3.0.1",
			"resolved": "https://registry.npmmirror.com/data-urls/download/data-urls-3.0.1.tgz",
			"integrity": "sha1-WX/CrjD4vE289zH80bGVQ1Ovxvg=",
			"requires": {
				"abab": "^2.0.3",
				"whatwg-mimetype": "^3.0.0",
				"whatwg-url": "^10.0.0"
			},
			"dependencies": {
				"webidl-conversions": {
					"version": "7.0.0",
					"resolved": "https://registry.nlark.com/webidl-conversions/download/webidl-conversions-7.0.0.tgz",
					"integrity": "sha1-JWtOGIK+feu/AdBfCqIDl3jqCAo="
				},
				"whatwg-mimetype": {
					"version": "3.0.0",
					"resolved": "https://registry.nlark.com/whatwg-mimetype/download/whatwg-mimetype-3.0.0.tgz?cache=0&sync_timestamp=1631993408310&other_urls=https%3A%2F%2Fregistry.nlark.com%2Fwhatwg-mimetype%2Fdownload%2Fwhatwg-mimetype-3.0.0.tgz",
					"integrity": "sha1-X6GnYjhn/xr2yj3HKta4pCCL66c="
				},
				"whatwg-url": {
					"version": "10.0.0",
					"resolved": "https://registry.npmmirror.com/whatwg-url/download/whatwg-url-10.0.0.tgz",
					"integrity": "sha1-NyZPcgtXW0oxG9QJTtjHYMqqBdo=",
					"requires": {
						"tr46": "^3.0.0",
						"webidl-conversions": "^7.0.0"
					}
				}
			}
		},
		"debug": {
			"version": "4.3.2",
			"resolved": "https://registry.nlark.com/debug/download/debug-4.3.2.tgz",
			"integrity": "sha1-8KScGKyHeeMdSgxgKd+3aHPHQos=",
			"requires": {
				"ms": "2.1.2"
			}
		},
		"decimal.js": {
			"version": "10.3.1",
			"resolved": "https://registry.nlark.com/decimal.js/download/decimal.js-10.3.1.tgz",
			"integrity": "sha1-2MOkRKnGd0umDKatcmHDqU/V54M="
		},
		"deep-is": {
			"version": "0.1.4",
			"resolved": "https://registry.nlark.com/deep-is/download/deep-is-0.1.4.tgz",
			"integrity": "sha1-pvLc5hL63S7x9Rm3NVHxfoUZmDE="
		},
		"delayed-stream": {
			"version": "1.0.0",
			"resolved": "https://registry.nlark.com/delayed-stream/download/delayed-stream-1.0.0.tgz",
			"integrity": "sha1-3zrhmayt+31ECqrgsp4icrJOxhk="
		},
		"devtools-protocol": {
			"version": "0.0.901419",
			"resolved": "https://registry.npmmirror.com/devtools-protocol/download/devtools-protocol-0.0.901419.tgz",
			"integrity": "sha1-ebVFnEj+fhxVY8Ar1y+P7D4M680="
		},
		"domexception": {
			"version": "2.0.1",
			"resolved": "https://registry.npmmirror.com/domexception/download/domexception-2.0.1.tgz",
			"integrity": "sha1-+0Su+6eT4VdLCvau0oAdBXUp8wQ=",
			"requires": {
				"webidl-conversions": "^5.0.0"
			},
			"dependencies": {
				"webidl-conversions": {
					"version": "5.0.0",
					"resolved": "https://registry.nlark.com/webidl-conversions/download/webidl-conversions-5.0.0.tgz",
					"integrity": "sha1-rlnIoAsSFUOirMZcBDT1ew/BGv8="
				}
			}
		},
		"domino": {
			"version": "2.1.6",
			"resolved": "https://registry.npm.taobao.org/domino/download/domino-2.1.6.tgz",
			"integrity": "sha1-/krOQxBSbl57nRLH3gG39IWlf/4="
		},
		"end-of-stream": {
			"version": "1.4.4",
			"resolved": "https://registry.nlark.com/end-of-stream/download/end-of-stream-1.4.4.tgz",
			"integrity": "sha1-WuZKX0UFe682JuwU2gyl5LJDHrA=",
			"requires": {
				"once": "^1.4.0"
			}
		},
		"escodegen": {
			"version": "2.0.0",
			"resolved": "https://registry.npm.taobao.org/escodegen/download/escodegen-2.0.0.tgz",
			"integrity": "sha1-XjKxKDPoqo+jXhvwvvqJOASEx90=",
			"requires": {
				"esprima": "^4.0.1",
				"estraverse": "^5.2.0",
				"esutils": "^2.0.2",
				"optionator": "^0.8.1",
				"source-map": "~0.6.1"
			}
		},
		"esprima": {
			"version": "4.0.1",
			"resolved": "https://registry.npm.taobao.org/esprima/download/esprima-4.0.1.tgz",
			"integrity": "sha1-E7BM2z5sXRnfkatph6hpVhmwqnE="
		},
		"estraverse": {
			"version": "5.2.0",
			"resolved": "https://registry.nlark.com/estraverse/download/estraverse-5.2.0.tgz?cache=0&sync_timestamp=1622604531280&other_urls=https%3A%2F%2Fregistry.nlark.com%2Festraverse%2Fdownload%2Festraverse-5.2.0.tgz",
			"integrity": "sha1-MH30JUfmzHMk088DwVXVzbjFOIA="
		},
		"esutils": {
			"version": "2.0.3",
			"resolved": "https://registry.npm.taobao.org/esutils/download/esutils-2.0.3.tgz",
			"integrity": "sha1-dNLrTeC42hKTcRkQ1Qd1ubcQ72Q="
		},
		"extract-zip": {
			"version": "2.0.1",
			"resolved": "https://registry.nlark.com/extract-zip/download/extract-zip-2.0.1.tgz",
			"integrity": "sha1-Zj3KVv5G34kNXxMe9KBtIruLoTo=",
			"requires": {
				"@types/yauzl": "^2.9.1",
				"debug": "^4.1.1",
				"get-stream": "^5.1.0",
				"yauzl": "^2.10.0"
			}
		},
		"fast-levenshtein": {
			"version": "2.0.6",
			"resolved": "https://registry.nlark.com/fast-levenshtein/download/fast-levenshtein-2.0.6.tgz",
			"integrity": "sha1-PYpcZog6FqMMqGQ+hR8Zuqd5eRc="
		},
		"fd-slicer": {
			"version": "1.1.0",
			"resolved": "https://registry.npm.taobao.org/fd-slicer/download/fd-slicer-1.1.0.tgz",
			"integrity": "sha1-JcfInLH5B3+IkbvmHY85Dq4lbx4=",
			"requires": {
				"pend": "~1.2.0"
			}
		},
		"find-up": {
			"version": "4.1.0",
			"resolved": "https://registry.npmmirror.com/find-up/download/find-up-4.1.0.tgz?cache=0&sync_timestamp=1633618631704&other_urls=https%3A%2F%2Fregistry.npmmirror.com%2Ffind-up%2Fdownload%2Ffind-up-4.1.0.tgz",
			"integrity": "sha1-l6/n1s3AvFkoWEt8jXsW6KmqXRk=",
			"requires": {
				"locate-path": "^5.0.0",
				"path-exists": "^4.0.0"
			}
		},
		"form-data": {
			"version": "4.0.0",
			"resolved": "https://registry.npm.taobao.org/form-data/download/form-data-4.0.0.tgz",
			"integrity": "sha1-k5Gdrq82HuUpWEubMWZNwSyfpFI=",
			"requires": {
				"asynckit": "^0.4.0",
				"combined-stream": "^1.0.8",
				"mime-types": "^2.1.12"
			}
		},
		"fs-constants": {
			"version": "1.0.0",
			"resolved": "https://registry.nlark.com/fs-constants/download/fs-constants-1.0.0.tgz",
			"integrity": "sha1-a+Dem+mYzhavivwkSXue6bfM2a0="
		},
		"fs.realpath": {
			"version": "1.0.0",
			"resolved": "https://registry.npm.taobao.org/fs.realpath/download/fs.realpath-1.0.0.tgz",
			"integrity": "sha1-FQStJSMVjKpA20onh8sBQRmU6k8="
		},
		"get-stream": {
			"version": "5.2.0",
			"resolved": "https://registry.nlark.com/get-stream/download/get-stream-5.2.0.tgz",
			"integrity": "sha1-SWaheV7lrOZecGxLe+txJX1uItM=",
			"requires": {
				"pump": "^3.0.0"
			}
		},
		"glob": {
			"version": "7.2.0",
			"resolved": "https://registry.npmmirror.com/glob/download/glob-7.2.0.tgz?cache=0&sync_timestamp=1632353796482&other_urls=https%3A%2F%2Fregistry.npmmirror.com%2Fglob%2Fdownload%2Fglob-7.2.0.tgz",
			"integrity": "sha1-0VU1r3cy4C6Uj0xBYovZECk/YCM=",
			"requires": {
				"fs.realpath": "^1.0.0",
				"inflight": "^1.0.4",
				"inherits": "2",
				"minimatch": "^3.0.4",
				"once": "^1.3.0",
				"path-is-absolute": "^1.0.0"
			}
		},
		"html-encoding-sniffer": {
			"version": "2.0.1",
			"resolved": "https://registry.nlark.com/html-encoding-sniffer/download/html-encoding-sniffer-2.0.1.tgz?cache=0&sync_timestamp=1632005059408&other_urls=https%3A%2F%2Fregistry.nlark.com%2Fhtml-encoding-sniffer%2Fdownload%2Fhtml-encoding-sniffer-2.0.1.tgz",
			"integrity": "sha1-QqbcT9M/ACgRduiyN1nKTk+hhfM=",
			"requires": {
				"whatwg-encoding": "^1.0.5"
			}
		},
		"http-proxy-agent": {
			"version": "4.0.1",
			"resolved": "https://registry.npmmirror.com/http-proxy-agent/download/http-proxy-agent-4.0.1.tgz?cache=0&sync_timestamp=1632357525203&other_urls=https%3A%2F%2Fregistry.npmmirror.com%2Fhttp-proxy-agent%2Fdownload%2Fhttp-proxy-agent-4.0.1.tgz",
			"integrity": "sha1-ioyO9/WTLM+VPClsqCkblap0qjo=",
			"requires": {
				"@tootallnate/once": "1",
				"agent-base": "6",
				"debug": "4"
			}
		},
		"https-proxy-agent": {
			"version": "5.0.0",
			"resolved": "https://registry.npm.taobao.org/https-proxy-agent/download/https-proxy-agent-5.0.0.tgz",
			"integrity": "sha1-4qkFQqu2inYuCghQ9sntrf2FBrI=",
			"requires": {
				"agent-base": "6",
				"debug": "4"
			}
		},
		"iconv-lite": {
			"version": "0.4.24",
			"resolved": "https://registry.nlark.com/iconv-lite/download/iconv-lite-0.4.24.tgz",
			"integrity": "sha1-ICK0sl+93CHS9SSXSkdKr+czkIs=",
			"requires": {
				"safer-buffer": ">= 2.1.2 < 3"
			}
		},
		"ieee754": {
			"version": "1.2.1",
			"resolved": "https://registry.npm.taobao.org/ieee754/download/ieee754-1.2.1.tgz?cache=0&sync_timestamp=1603838208740&other_urls=https%3A%2F%2Fregistry.npm.taobao.org%2Fieee754%2Fdownload%2Fieee754-1.2.1.tgz",
			"integrity": "sha1-jrehCmP/8l0VpXsAFYbRd9Gw01I="
		},
		"inflight": {
			"version": "1.0.6",
			"resolved": "https://registry.npm.taobao.org/inflight/download/inflight-1.0.6.tgz",
			"integrity": "sha1-Sb1jMdfQLQwJvJEKEHW6gWW1bfk=",
			"requires": {
				"once": "^1.3.0",
				"wrappy": "1"
			}
		},
		"inherits": {
			"version": "2.0.4",
			"resolved": "https://registry.npm.taobao.org/inherits/download/inherits-2.0.4.tgz",
			"integrity": "sha1-D6LGT5MpF8NDOg3tVTY6rjdBa3w="
		},
		"is-potential-custom-element-name": {
			"version": "1.0.1",
			"resolved": "https://registry.npm.taobao.org/is-potential-custom-element-name/download/is-potential-custom-element-name-1.0.1.tgz",
			"integrity": "sha1-Fx7W8Z46xVQ5Tt94yqBXhKRb67U="
		},
		"jsdom": {
			"version": "17.0.0",
			"resolved": "https://registry.npmmirror.com/jsdom/download/jsdom-17.0.0.tgz?cache=0&sync_timestamp=1633714173424&other_urls=https%3A%2F%2Fregistry.npmmirror.com%2Fjsdom%2Fdownload%2Fjsdom-17.0.0.tgz",
			"integrity": "sha1-PsgtHTADBknI3v7cRf/2qj5dBq4=",
			"requires": {
				"abab": "^2.0.5",
				"acorn": "^8.4.1",
				"acorn-globals": "^6.0.0",
				"cssom": "^0.5.0",
				"cssstyle": "^2.3.0",
				"data-urls": "^3.0.0",
				"decimal.js": "^10.3.1",
				"domexception": "^2.0.1",
				"escodegen": "^2.0.0",
				"form-data": "^4.0.0",
				"html-encoding-sniffer": "^2.0.1",
				"http-proxy-agent": "^4.0.1",
				"https-proxy-agent": "^5.0.0",
				"is-potential-custom-element-name": "^1.0.1",
				"nwsapi": "^2.2.0",
				"parse5": "6.0.1",
				"saxes": "^5.0.1",
				"symbol-tree": "^3.2.4",
				"tough-cookie": "^4.0.0",
				"w3c-hr-time": "^1.0.2",
				"w3c-xmlserializer": "^2.0.0",
				"webidl-conversions": "^6.1.0",
				"whatwg-encoding": "^1.0.5",
				"whatwg-mimetype": "^2.3.0",
				"whatwg-url": "^9.0.0",
				"ws": "^8.0.0",
				"xml-name-validator": "^3.0.0"
			}
		},
		"levn": {
			"version": "0.3.0",
			"resolved": "https://registry.nlark.com/levn/download/levn-0.3.0.tgz",
			"integrity": "sha1-OwmSTt+fCDwEkP3UwLxEIeBHZO4=",
			"requires": {
				"prelude-ls": "~1.1.2",
				"type-check": "~0.3.2"
			}
		},
		"locate-path": {
			"version": "5.0.0",
			"resolved": "https://registry.nlark.com/locate-path/download/locate-path-5.0.0.tgz?cache=0&sync_timestamp=1629895618224&other_urls=https%3A%2F%2Fregistry.nlark.com%2Flocate-path%2Fdownload%2Flocate-path-5.0.0.tgz",
			"integrity": "sha1-Gvujlq/WdqbUJQTQpno6frn2KqA=",
			"requires": {
				"p-locate": "^4.1.0"
			}
		},
		"mime-db": {
			"version": "1.50.0",
			"resolved": "https://registry.nlark.com/mime-db/download/mime-db-1.50.0.tgz?cache=0&sync_timestamp=1631863129751&other_urls=https%3A%2F%2Fregistry.nlark.com%2Fmime-db%2Fdownload%2Fmime-db-1.50.0.tgz",
			"integrity": "sha1-q9SslOmNPA4YUBbGerRdX95AwR8="
		},
		"mime-types": {
			"version": "2.1.33",
			"resolved": "https://registry.npmmirror.com/mime-types/download/mime-types-2.1.33.tgz?cache=0&sync_timestamp=1633108241037&other_urls=https%3A%2F%2Fregistry.npmmirror.com%2Fmime-types%2Fdownload%2Fmime-types-2.1.33.tgz",
			"integrity": "sha1-H6EqkERy+v0GjkjZ6EAfdNP3Dts=",
			"requires": {
				"mime-db": "1.50.0"
			}
		},
		"minimatch": {
			"version": "3.0.4",
			"resolved": "https://registry.npm.taobao.org/minimatch/download/minimatch-3.0.4.tgz",
			"integrity": "sha1-UWbihkV/AzBgZL5Ul+jbsMPTIIM=",
			"requires": {
				"brace-expansion": "^1.1.7"
			}
		},
		"minimist": {
			"version": "1.2.5",
			"resolved": "https://registry.nlark.com/minimist/download/minimist-1.2.5.tgz?cache=0&sync_timestamp=1618846813226&other_urls=https%3A%2F%2Fregistry.nlark.com%2Fminimist%2Fdownload%2Fminimist-1.2.5.tgz",
			"integrity": "sha1-Z9ZgFLZqaoqqDAg8X9WN9OTpdgI="
		},
		"mkdirp": {
			"version": "0.5.5",
			"resolved": "https://registry.nlark.com/mkdirp/download/mkdirp-0.5.5.tgz?cache=0&sync_timestamp=1624625160603&other_urls=https%3A%2F%2Fregistry.nlark.com%2Fmkdirp%2Fdownload%2Fmkdirp-0.5.5.tgz",
			"integrity": "sha1-2Rzv1i0UNsoPQWIOJRKI1CAJne8=",
			"requires": {
				"minimist": "^1.2.5"
			}
		},
		"ms": {
			"version": "2.1.2",
			"resolved": "https://registry.npmmirror.com/ms/download/ms-2.1.2.tgz",
			"integrity": "sha1-0J0fNXtEP0kzgqjrPM0YOHKuYAk="
		},
		"node-fetch": {
			"version": "2.6.1",
			"resolved": "https://registry.npmmirror.com/node-fetch/download/node-fetch-2.6.1.tgz",
			"integrity": "sha1-BFvTI2Mfdu0uK1VXM5RBa2OaAFI="
		},
		"nwsapi": {
			"version": "2.2.0",
			"resolved": "https://registry.npm.taobao.org/nwsapi/download/nwsapi-2.2.0.tgz",
			"integrity": "sha1-IEh5qePQaP8qVROcLHcngGgaOLc="
		},
		"once": {
			"version": "1.4.0",
			"resolved": "https://registry.npm.taobao.org/once/download/once-1.4.0.tgz",
			"integrity": "sha1-WDsap3WWHUsROsF9nFC6753Xa9E=",
			"requires": {
				"wrappy": "1"
			}
		},
		"optionator": {
			"version": "0.8.3",
			"resolved": "https://registry.npm.taobao.org/optionator/download/optionator-0.8.3.tgz",
			"integrity": "sha1-hPodA2/p08fiHZmIS2ARZ+yPtJU=",
			"requires": {
				"deep-is": "~0.1.3",
				"fast-levenshtein": "~2.0.6",
				"levn": "~0.3.0",
				"prelude-ls": "~1.1.2",
				"type-check": "~0.3.2",
				"word-wrap": "~1.2.3"
			}
		},
		"p-limit": {
			"version": "2.3.0",
			"resolved": "https://registry.nlark.com/p-limit/download/p-limit-2.3.0.tgz",
			"integrity": "sha1-PdM8ZHohT9//2DWTPrCG2g3CHbE=",
			"requires": {
				"p-try": "^2.0.0"
			}
		},
		"p-locate": {
			"version": "4.1.0",
			"resolved": "https://registry.nlark.com/p-locate/download/p-locate-4.1.0.tgz?cache=0&sync_timestamp=1629892721671&other_urls=https%3A%2F%2Fregistry.nlark.com%2Fp-locate%2Fdownload%2Fp-locate-4.1.0.tgz",
			"integrity": "sha1-o0KLtwiLOmApL2aRkni3wpetTwc=",
			"requires": {
				"p-limit": "^2.2.0"
			}
		},
		"p-try": {
			"version": "2.2.0",
			"resolved": "https://registry.npmmirror.com/p-try/download/p-try-2.2.0.tgz",
			"integrity": "sha1-yyhoVA4xPWHeWPr741zpAE1VQOY="
		},
		"parse5": {
			"version": "6.0.1",
			"resolved": "https://registry.npm.taobao.org/parse5/download/parse5-6.0.1.tgz",
			"integrity": "sha1-4aHAhcVps9wIMhGE8Zo5zCf3wws="
		},
		"path-exists": {
			"version": "4.0.0",
			"resolved": "https://registry.nlark.com/path-exists/download/path-exists-4.0.0.tgz",
			"integrity": "sha1-UTvb4tO5XXdi6METfvoZXGxhtbM="
		},
		"path-is-absolute": {
			"version": "1.0.1",
			"resolved": "https://registry.npm.taobao.org/path-is-absolute/download/path-is-absolute-1.0.1.tgz",
			"integrity": "sha1-F0uSaHNVNP+8es5r9TpanhtcX18="
		},
		"pend": {
			"version": "1.2.0",
			"resolved": "https://registry.npm.taobao.org/pend/download/pend-1.2.0.tgz",
			"integrity": "sha1-elfrVQpng/kRUzH89GY9XI4AelA="
		},
		"pkg-dir": {
			"version": "4.2.0",
			"resolved": "https://registry.npmmirror.com/pkg-dir/download/pkg-dir-4.2.0.tgz?cache=0&sync_timestamp=1633498133295&other_urls=https%3A%2F%2Fregistry.npmmirror.com%2Fpkg-dir%2Fdownload%2Fpkg-dir-4.2.0.tgz",
			"integrity": "sha1-8JkTPfft5CLoHR2ESCcO6z5CYfM=",
			"requires": {
				"find-up": "^4.0.0"
			}
		},
		"prelude-ls": {
			"version": "1.1.2",
			"resolved": "https://registry.nlark.com/prelude-ls/download/prelude-ls-1.1.2.tgz",
			"integrity": "sha1-IZMqVJ9eUv/ZqCf1cOBL5iqX2lQ="
		},
		"progress": {
			"version": "2.0.1",
			"resolved": "https://registry.npm.taobao.org/progress/download/progress-2.0.1.tgz?cache=0&sync_timestamp=1599054255267&other_urls=https%3A%2F%2Fregistry.npm.taobao.org%2Fprogress%2Fdownload%2Fprogress-2.0.1.tgz",
			"integrity": "sha1-ySQhaTQrHCnSdYiclXNGIbGVLjE="
		},
		"proxy-from-env": {
			"version": "1.1.0",
			"resolved": "https://registry.npm.taobao.org/proxy-from-env/download/proxy-from-env-1.1.0.tgz",
			"integrity": "sha1-4QLxbKNVQkhldV0sno6k8k1Yw+I="
		},
		"psl": {
			"version": "1.8.0",
			"resolved": "https://registry.npm.taobao.org/psl/download/psl-1.8.0.tgz",
			"integrity": "sha1-kyb4vPsBOtzABf3/BWrM4CDlHCQ="
		},
		"pump": {
			"version": "3.0.0",
			"resolved": "https://registry.npm.taobao.org/pump/download/pump-3.0.0.tgz",
			"integrity": "sha1-tKIRaBW94vTh6mAjVOjHVWUQemQ=",
			"requires": {
				"end-of-stream": "^1.1.0",
				"once": "^1.3.1"
			}
		},
		"punycode": {
			"version": "2.1.1",
			"resolved": "https://registry.npm.taobao.org/punycode/download/punycode-2.1.1.tgz",
			"integrity": "sha1-tYsBCsQMIsVldhbI0sLALHv0eew="
		},
		"puppeteer": {
			"version": "10.4.0",
			"resolved": "https://registry.nlark.com/puppeteer/download/puppeteer-10.4.0.tgz?cache=0&sync_timestamp=1632238509143&other_urls=https%3A%2F%2Fregistry.nlark.com%2Fpuppeteer%2Fdownload%2Fpuppeteer-10.4.0.tgz",
			"integrity": "sha1-pkZf+X/aBXbErClgFAb2fm/qPcc=",
			"requires": {
				"debug": "4.3.1",
				"devtools-protocol": "0.0.901419",
				"extract-zip": "2.0.1",
				"https-proxy-agent": "5.0.0",
				"node-fetch": "2.6.1",
				"pkg-dir": "4.2.0",
				"progress": "2.0.1",
				"proxy-from-env": "1.1.0",
				"rimraf": "3.0.2",
				"tar-fs": "2.0.0",
				"unbzip2-stream": "1.3.3",
				"ws": "7.4.6"
			},
			"dependencies": {
				"debug": {
					"version": "4.3.1",
					"resolved": "https://registry.nlark.com/debug/download/debug-4.3.1.tgz",
					"integrity": "sha1-8NIpxQXgxtjEmsVT0bE9wYP2su4=",
					"requires": {
						"ms": "2.1.2"
					}
				},
				"ws": {
					"version": "7.4.6",
					"resolved": "https://registry.npmmirror.com/ws/download/ws-7.4.6.tgz?cache=0&sync_timestamp=1633200113162&other_urls=https%3A%2F%2Fregistry.npmmirror.com%2Fws%2Fdownload%2Fws-7.4.6.tgz",
					"integrity": "sha1-VlTKjs3u5HwzqaS/bSjivimAN3w="
				}
			}
		},
		"readable-stream": {
			"version": "3.6.0",
			"resolved": "https://registry.npm.taobao.org/readable-stream/download/readable-stream-3.6.0.tgz",
			"integrity": "sha1-M3u9o63AcGvT4CRCaihtS0sskZg=",
			"requires": {
				"inherits": "^2.0.3",
				"string_decoder": "^1.1.1",
				"util-deprecate": "^1.0.1"
			}
		},
		"rimraf": {
			"version": "3.0.2",
			"resolved": "https://registry.npm.taobao.org/rimraf/download/rimraf-3.0.2.tgz",
			"integrity": "sha1-8aVAK6YiCtUswSgrrBrjqkn9Bho=",
			"requires": {
				"glob": "^7.1.3"
			}
		},
		"safe-buffer": {
			"version": "5.2.1",
			"resolved": "https://registry.npm.taobao.org/safe-buffer/download/safe-buffer-5.2.1.tgz",
			"integrity": "sha1-Hq+fqb2x/dTsdfWPnNtOa3gn7sY="
		},
		"safer-buffer": {
			"version": "2.1.2",
			"resolved": "https://registry.npm.taobao.org/safer-buffer/download/safer-buffer-2.1.2.tgz",
			"integrity": "sha1-RPoWGwGHuVSd2Eu5GAL5vYOFzWo="
		},
		"saxes": {
			"version": "5.0.1",
			"resolved": "https://registry.npm.taobao.org/saxes/download/saxes-5.0.1.tgz",
			"integrity": "sha1-7rq5U/o7dgjb6U5drbFciI+maW0=",
			"requires": {
				"xmlchars": "^2.2.0"
			}
		},
		"source-map": {
			"version": "0.6.1",
			"resolved": "https://registry.npm.taobao.org/source-map/download/source-map-0.6.1.tgz",
			"integrity": "sha1-dHIq8y6WFOnCh6jQu95IteLxomM=",
			"optional": true
		},
		"string_decoder": {
			"version": "1.3.0",
			"resolved": "https://registry.nlark.com/string_decoder/download/string_decoder-1.3.0.tgz",
			"integrity": "sha1-QvEUWUpGzxqOMLCoT1bHjD7awh4=",
			"requires": {
				"safe-buffer": "~5.2.0"
			}
		},
		"symbol-tree": {
			"version": "3.2.4",
			"resolved": "https://registry.nlark.com/symbol-tree/download/symbol-tree-3.2.4.tgz",
			"integrity": "sha1-QwY30ki6d+B4iDlR+5qg7tfGP6I="
		},
		"tar-fs": {
			"version": "2.0.0",
			"resolved": "https://registry.npm.taobao.org/tar-fs/download/tar-fs-2.0.0.tgz?cache=0&sync_timestamp=1604688371221&other_urls=https%3A%2F%2Fregistry.npm.taobao.org%2Ftar-fs%2Fdownload%2Ftar-fs-2.0.0.tgz",
			"integrity": "sha1-Z3cA/AyLM3p4vuNiP9wjXyHXr60=",
			"requires": {
				"chownr": "^1.1.1",
				"mkdirp": "^0.5.1",
				"pump": "^3.0.0",
				"tar-stream": "^2.0.0"
			}
		},
		"tar-stream": {
			"version": "2.2.0",
			"resolved": "https://registry.npm.taobao.org/tar-stream/download/tar-stream-2.2.0.tgz?cache=0&sync_timestamp=1609236328947&other_urls=https%3A%2F%2Fregistry.npm.taobao.org%2Ftar-stream%2Fdownload%2Ftar-stream-2.2.0.tgz",
			"integrity": "sha1-rK2EwoQTawYNw/qmRHSqmuvXcoc=",
			"requires": {
				"bl": "^4.0.3",
				"end-of-stream": "^1.4.1",
				"fs-constants": "^1.0.0",
				"inherits": "^2.0.3",
				"readable-stream": "^3.1.1"
			}
		},
		"through": {
			"version": "2.3.8",
			"resolved": "https://registry.npm.taobao.org/through/download/through-2.3.8.tgz",
			"integrity": "sha1-DdTJ/6q8NXlgsbckEV1+Doai4fU="
		},
		"tough-cookie": {
			"version": "4.0.0",
			"resolved": "https://registry.npm.taobao.org/tough-cookie/download/tough-cookie-4.0.0.tgz?cache=0&other_urls=https%3A%2F%2Fregistry.npm.taobao.org%2Ftough-cookie%2Fdownload%2Ftough-cookie-4.0.0.tgz",
			"integrity": "sha1-2CIjTuyogvmR8PkIgkrSYi3b7OQ=",
			"requires": {
				"psl": "^1.1.33",
				"punycode": "^2.1.1",
				"universalify": "^0.1.2"
			}
		},
		"tr46": {
			"version": "3.0.0",
			"resolved": "https://registry.npmmirror.com/tr46/download/tr46-3.0.0.tgz?cache=0&sync_timestamp=1633302501959&other_urls=https%3A%2F%2Fregistry.npmmirror.com%2Ftr46%2Fdownload%2Ftr46-3.0.0.tgz",
			"integrity": "sha1-VVxOKXqVBhfo7t3vYzyH1NnWy/k=",
			"requires": {
				"punycode": "^2.1.1"
			}
		},
		"turndown": {
			"version": "7.1.1",
			"resolved": "https://registry.nlark.com/turndown/download/turndown-7.1.1.tgz",
			"integrity": "sha1-lpkvLZtAoaA9PqYa0xtaXHUe938=",
			"requires": {
				"domino": "^2.1.6"
			}
		},
		"turndown-plugin-gfm": {
			"version": "1.0.2",
			"resolved": "https://registry.npm.taobao.org/turndown-plugin-gfm/download/turndown-plugin-gfm-1.0.2.tgz",
			"integrity": "sha1-b4Z4o2HzUiCyvfVhnmBJrddb8cc="
		},
		"type-check": {
			"version": "0.3.2",
			"resolved": "https://registry.npm.taobao.org/type-check/download/type-check-0.3.2.tgz",
			"integrity": "sha1-WITKtRLPHTVeP7eE8wgEsrUg23I=",
			"requires": {
				"prelude-ls": "~1.1.2"
			}
		},
		"typescript": {
			"version": "4.4.4",
			"resolved": "https://registry.npmmirror.com/typescript/download/typescript-4.4.4.tgz?cache=0&sync_timestamp=1634977397579&other_urls=https%3A%2F%2Fregistry.npmmirror.com%2Ftypescript%2Fdownload%2Ftypescript-4.4.4.tgz",
			"integrity": "sha1-LNAaGh8WBwTTEB/VpY/w+fy4Aww=",
			"dev": true
		},
		"unbzip2-stream": {
			"version": "1.3.3",
			"resolved": "https://registry.npm.taobao.org/unbzip2-stream/download/unbzip2-stream-1.3.3.tgz",
			"integrity": "sha1-0VbSBeZw2NjDk+HALr1QZCKHP2o=",
			"requires": {
				"buffer": "^5.2.1",
				"through": "^2.3.8"
			}
		},
		"universalify": {
			"version": "0.1.2",
			"resolved": "https://registry.npm.taobao.org/universalify/download/universalify-0.1.2.tgz?cache=0&sync_timestamp=1603179967633&other_urls=https%3A%2F%2Fregistry.npm.taobao.org%2Funiversalify%2Fdownload%2Funiversalify-0.1.2.tgz",
			"integrity": "sha1-tkb2m+OULavOzJ1mOcgNwQXvqmY="
		},
		"util-deprecate": {
			"version": "1.0.2",
			"resolved": "https://registry.nlark.com/util-deprecate/download/util-deprecate-1.0.2.tgz",
			"integrity": "sha1-RQ1Nyfpw3nMnYvvS1KKJgUGaDM8="
		},
		"w3c-hr-time": {
			"version": "1.0.2",
			"resolved": "https://registry.nlark.com/w3c-hr-time/download/w3c-hr-time-1.0.2.tgz",
			"integrity": "sha1-ConN9cwVgi35w2BUNnaWPgzDCM0=",
			"requires": {
				"browser-process-hrtime": "^1.0.0"
			}
		},
		"w3c-xmlserializer": {
			"version": "2.0.0",
			"resolved": "https://registry.nlark.com/w3c-xmlserializer/download/w3c-xmlserializer-2.0.0.tgz",
			"integrity": "sha1-PnEEoFt1FGzGD1ZDgLf2g6zxAgo=",
			"requires": {
				"xml-name-validator": "^3.0.0"
			}
		},
		"webidl-conversions": {
			"version": "6.1.0",
			"resolved": "https://registry.nlark.com/webidl-conversions/download/webidl-conversions-6.1.0.tgz",
			"integrity": "sha1-kRG01+qArNQPUnDWZmIa+ni2lRQ="
		},
		"whatwg-encoding": {
			"version": "1.0.5",
			"resolved": "https://registry.nlark.com/whatwg-encoding/download/whatwg-encoding-1.0.5.tgz?cache=0&sync_timestamp=1631479408233&other_urls=https%3A%2F%2Fregistry.nlark.com%2Fwhatwg-encoding%2Fdownload%2Fwhatwg-encoding-1.0.5.tgz",
			"integrity": "sha1-WrrPd3wyFmpR0IXWtPPn0nET3bA=",
			"requires": {
				"iconv-lite": "0.4.24"
			}
		},
		"whatwg-mimetype": {
			"version": "2.3.0",
			"resolved": "https://registry.nlark.com/whatwg-mimetype/download/whatwg-mimetype-2.3.0.tgz?cache=0&sync_timestamp=1631993408310&other_urls=https%3A%2F%2Fregistry.nlark.com%2Fwhatwg-mimetype%2Fdownload%2Fwhatwg-mimetype-2.3.0.tgz",
			"integrity": "sha1-PUseAxLSB5h5+Cav8Y2+7KWWD78="
		},
		"whatwg-url": {
			"version": "9.1.0",
			"resolved": "https://registry.npmmirror.com/whatwg-url/download/whatwg-url-9.1.0.tgz",
			"integrity": "sha1-GxEs8jfXLNZPp4grnD9iNKHDBQ0=",
			"requires": {
				"tr46": "^2.1.0",
				"webidl-conversions": "^6.1.0"
			},
			"dependencies": {
				"tr46": {
					"version": "2.1.0",
					"resolved": "https://registry.npmmirror.com/tr46/download/tr46-2.1.0.tgz?cache=0&sync_timestamp=1633302501959&other_urls=https%3A%2F%2Fregistry.npmmirror.com%2Ftr46%2Fdownload%2Ftr46-2.1.0.tgz",
					"integrity": "sha1-+oeqgcpdWUHajL8fm3SdyWmk4kA=",
					"requires": {
						"punycode": "^2.1.1"
					}
				}
			}
		},
		"word-wrap": {
			"version": "1.2.3",
			"resolved": "https://registry.npm.taobao.org/word-wrap/download/word-wrap-1.2.3.tgz",
			"integrity": "sha1-YQY29rH3A4kb00dxzLF/uTtHB5w="
		},
		"wrappy": {
			"version": "1.0.2",
			"resolved": "https://registry.nlark.com/wrappy/download/wrappy-1.0.2.tgz",
			"integrity": "sha1-tSQ9jz7BqjXxNkYFvA0QNuMKtp8="
		},
		"ws": {
			"version": "8.2.3",
			"resolved": "https://registry.npmmirror.com/ws/download/ws-8.2.3.tgz?cache=0&sync_timestamp=1633200113162&other_urls=https%3A%2F%2Fregistry.npmmirror.com%2Fws%2Fdownload%2Fws-8.2.3.tgz",
			"integrity": "sha1-Y6VkVtsbBDZ9C3IaC4DK5ti+y7o="
		},
		"xml-name-validator": {
			"version": "3.0.0",
			"resolved": "https://registry.nlark.com/xml-name-validator/download/xml-name-validator-3.0.0.tgz?cache=0&sync_timestamp=1632002514407&other_urls=https%3A%2F%2Fregistry.nlark.com%2Fxml-name-validator%2Fdownload%2Fxml-name-validator-3.0.0.tgz",
			"integrity": "sha1-auc+Bt5NjG5H+fsYH3jWSK1FfGo="
		},
		"xmlchars": {
			"version": "2.2.0",
			"resolved": "https://registry.nlark.com/xmlchars/download/xmlchars-2.2.0.tgz",
			"integrity": "sha1-Bg/hvLf5x2/ioX24apvDq4lCEMs="
		},
		"yauzl": {
			"version": "2.10.0",
			"resolved": "https://registry.npm.taobao.org/yauzl/download/yauzl-2.10.0.tgz",
			"integrity": "sha1-x+sXyT4RLLEIb6bY5R+wZnt5pfk=",
			"requires": {
				"buffer-crc32": "~0.2.3",
				"fd-slicer": "~1.1.0"
			}
		}
	}
}
